
Microsoft Visual Studio Solution File, Format Version 11.00
# Visual Studio 2010
Project("{FAE04EC0-301F-11D3-BF4B-00C04F79EFBC}") = "first_repo", "first_repo\first_repo.csproj", "{C51B41DB-7632-4947-9925-6362996BBE05}"
EndProject
Global
	GlobalSection(SolutionConfigurationPlatforms) = preSolution
		Debug|Any CPU = Debug|Any CPU
		Release|Any CPU = Release|Any CPU
	EndGlobalSection
	GlobalSection(ProjectConfigurationPlatforms) = postSolution
		{C51B41DB-7632-4947-9925-6362996BBE05}.Debug|Any CPU.ActiveCfg = Debug|Any CPU
		{C51B41DB-7632-4947-9925-6362996BBE05}.Debug|Any CPU.Build.0 = Debug|Any CPU
		{C51B41DB-7632-4947-9925-6362996BBE05}.Release|Any CPU.ActiveCfg = Release|Any CPU
		{C51B41DB-7632-4947-9925-6362996BBE05}.Release|Any CPU.Build.0 = Release|Any CPU
	EndGlobalSection
	GlobalSection(MonoDevelopProperties) = preSolution
		StartupItem = first_repo\first_repo.csproj
	EndGlobalSection
EndGlobal
